{
  "name": "wikipedia",
  "version": "1.0.0",
  "lockfileVersion": 1,
  "requires": true,
  "dependencies": {
    "gotmw": {
      "version": "0.1.0",
      "resolved": "https://registry.npmjs.org/gotmw/-/gotmw-0.1.0.tgz",
      "integrity": "sha512-VX9Naxn1Jcm1tO5obbF7HdKKYcBoe2mId4BbVP0KXWVsxjRpW2WYYWwSKrKdfS+X2BG/dojihaoX6W1URdXg2w=="
    }
  }
}
